// !$*UTF8*$!
{
	archiveVersion = 1;
	classes = {
	};
	objectVersion = 46;
	objects = {

/* Begin PBXBuildFile section */
		06B42C4A1CF557E8000F68EE /* state.d in Sources */ = {isa = PBXBuildFile; fileRef = 06B42C491CF557E8000F68EE /* state.d */; };
		06B8F4501CF3EE070023835F /* main.m in Sources */ = {isa = PBXBuildFile; fileRef = 06B8F44F1CF3EE070023835F /* main.m */; };
		06B8F4531CF3EE070023835F /* AppDelegate.m in Sources */ = {isa = PBXBuildFile; fileRef = 06B8F4521CF3EE070023835F /* AppDelegate.m */; };
		06B8F4561CF3EE070023835F /* ViewController.m in Sources */ = {isa = PBXBuildFile; fileRef = 06B8F4551CF3EE070023835F /* ViewController.m */; };
		06B8F4591CF3EE070023835F /* Main.storyboard in Resources */ = {isa = PBXBuildFile; fileRef = 06B8F4571CF3EE070023835F /* Main.storyboard */; };
		06B8F45B1CF3EE070023835F /* Assets.xcassets in Resources */ = {isa = PBXBuildFile; fileRef = 06B8F45A1CF3EE070023835F /* Assets.xcassets */; };
		06B8F45E1CF3EE070023835F /* LaunchScreen.storyboard in Resources */ = {isa = PBXBuildFile; fileRef = 06B8F45C1CF3EE070023835F /* LaunchScreen.storyboard */; };
		06B8F4691CF3EE070023835F /* emptyTests.m in Sources */ = {isa = PBXBuildFile; fileRef = 06B8F4681CF3EE070023835F /* emptyTests.m */; };
		06B8F4741CF3EE070023835F /* emptyUITests.m in Sources */ = {isa = PBXBuildFile; fileRef = 06B8F4731CF3EE070023835F /* emptyUITests.m */; };
/* End PBXBuildFile section */

/* Begin PBXContainerItemProxy section */
		06B8F4651CF3EE070023835F /* PBXContainerItemProxy */ = {
			isa = PBXContainerItemProxy;
			containerPortal = 06B8F4431CF3EE070023835F /* Project object */;
			proxyType = 1;
			remoteGlobalIDString = 06B8F44A1CF3EE070023835F;
			remoteInfo = empty;
		};
		06B8F4701CF3EE070023835F /* PBXContainerItemProxy */ = {
			isa = PBXContainerItemProxy;
			containerPortal = 06B8F4431CF3EE070023835F /* Project object */;
			proxyType = 1;
			remoteGlobalIDString = 06B8F44A1CF3EE070023835F;
			remoteInfo = empty;
		};
/* End PBXContainerItemProxy section */

/* Begin PBXFileReference section */
		06B42C491CF557E8000F68EE /* state.d */ = {isa = PBXFileReference; fileEncoding = 4; lastKnownFileType = sourcecode.dtrace; path = state.d; sourceTree = "<group>"; };
		06B8F44B1CF3EE070023835F /* empty.app */ = {isa = PBXFileReference; explicitFileType = wrapper.application; includeInIndex = 0; path = empty.app; sourceTree = BUILT_PRODUCTS_DIR; };
		06B8F44F1CF3EE070023835F /* main.m */ = {isa = PBXFileReference; lastKnownFileType = sourcecode.c.objc; path = main.m; sourceTree = "<group>"; };
		06B8F4511CF3EE070023835F /* AppDelegate.h */ = {isa = PBXFileReference; lastKnownFileType = sourcecode.c.h; path = AppDelegate.h; sourceTree = "<group>"; };
		06B8F4521CF3EE070023835F /* AppDelegate.m */ = {isa = PBXFileReference; lastKnownFileType = sourcecode.c.objc; path = AppDelegate.m; sourceTree = "<group>"; };
		06B8F4541CF3EE070023835F /* ViewController.h */ = {isa = PBXFileReference; lastKnownFileType = sourcecode.c.h; path = ViewController.h; sourceTree = "<group>"; };
		06B8F4551CF3EE070023835F /* ViewController.m */ = {isa = PBXFileReference; lastKnownFileType = sourcecode.c.objc; path = ViewController.m; sourceTree = "<group>"; };
		06B8F4581CF3EE070023835F /* Base */ = {isa = PBXFileReference; lastKnownFileType = file.storyboard; name = Base; path = Base.lproj/Main.storyboard; sourceTree = "<group>"; };
		06B8F45A1CF3EE070023835F /* Assets.xcassets */ = {isa = PBXFileReference; lastKnownFileType = folder.assetcatalog; path = Assets.xcassets; sourceTree = "<group>"; };
		06B8F45D1CF3EE070023835F /* Base */ = {isa = PBXFileReference; lastKnownFileType = file.storyboard; name = Base; path = Base.lproj/LaunchScreen.storyboard; sourceTree = "<group>"; };
		06B8F45F1CF3EE070023835F /* Info.plist */ = {isa = PBXFileReference; lastKnownFileType = text.plist.xml; path = Info.plist; sourceTree = "<group>"; };
		06B8F4641CF3EE070023835F /* emptyTests.xctest */ = {isa = PBXFileReference; explicitFileType = wrapper.cfbundle; includeInIndex = 0; path = emptyTests.xctest; sourceTree = BUILT_PRODUCTS_DIR; };
		06B8F4681CF3EE070023835F /* emptyTests.m */ = {isa = PBXFileReference; lastKnownFileType = sourcecode.c.objc; path = emptyTests.m; sourceTree = "<group>"; };
		06B8F46A1CF3EE070023835F /* Info.plist */ = {isa = PBXFileReference; lastKnownFileType = text.plist.xml; path = Info.plist; sourceTree = "<group>"; };
		06B8F46F1CF3EE070023835F /* emptyUITests.xctest */ = {isa = PBXFileReference; explicitFileType = wrapper.cfbundle; includeInIndex = 0; path = emptyUITests.xctest; sourceTree = BUILT_PRODUCTS_DIR; };
		06B8F4731CF3EE070023835F /* emptyUITests.m */ = {isa = PBXFileReference; lastKnownFileType = sourcecode.c.objc; path = emptyUITests.m; sourceTree = "<group>"; };
		06B8F4751CF3EE070023835F /* Info.plist */ = {isa = PBXFileReference; lastKnownFileType = text.plist.xml; path = Info.plist; sourceTree = "<group>"; };
/* End PBXFileReference section */

/* Begin PBXFrameworksBuildPhase section */
		06B8F4481CF3EE070023835F /* Frameworks */ = {
			isa = PBXFrameworksBuildPhase;
			buildActionMask = 2147483647;
			files = (
			);
			runOnlyForDeploymentPostprocessing = 0;
		};
		06B8F4611CF3EE070023835F /* Frameworks */ = {
			isa = PBXFrameworksBuildPhase;
			buildActionMask = 2147483647;
			files = (
			);
			runOnlyForDeploymentPostprocessing = 0;
		};
		06B8F46C1CF3EE070023835F /* Frameworks */ = {
			isa = PBXFrameworksBuildPhase;
			buildActionMask = 2147483647;
			files = (
			);
			runOnlyForDeploymentPostprocessing = 0;
		};
/* End PBXFrameworksBuildPhase section */

/* Begin PBXGroup section */
		06B8F4421CF3EE070023835F = {
			isa = PBXGroup;
			children = (
				06B8F44D1CF3EE070023835F /* empty */,
				06B8F4671CF3EE070023835F /* emptyTests */,
				06B8F4721CF3EE070023835F /* emptyUITests */,
				06B8F44C1CF3EE070023835F /* Products */,
			);
			sourceTree = "<group>";
		};
		06B8F44C1CF3EE070023835F /* Products */ = {
			isa = PBXGroup;
			children = (
				06B8F44B1CF3EE070023835F /* empty.app */,
				06B8F4641CF3EE070023835F /* emptyTests.xctest */,
				06B8F46F1CF3EE070023835F /* emptyUITests.xctest */,
			);
			name = Products;
			sourceTree = "<group>";
		};
		06B8F44D1CF3EE070023835F /* empty */ = {
			isa = PBXGroup;
			children = (
				06B42C491CF557E8000F68EE /* state.d */,
				06B8F4511CF3EE070023835F /* AppDelegate.h */,
				06B8F4521CF3EE070023835F /* AppDelegate.m */,
				06B8F4541CF3EE070023835F /* ViewController.h */,
				06B8F4551CF3EE070023835F /* ViewController.m */,
				06B8F4571CF3EE070023835F /* Main.storyboard */,
				06B8F45A1CF3EE070023835F /* Assets.xcassets */,
				06B8F45C1CF3EE070023835F /* LaunchScreen.storyboard */,
				06B8F45F1CF3EE070023835F /* Info.plist */,
				06B8F44E1CF3EE070023835F /* Supporting Files */,
			);
			path = empty;
			sourceTree = "<group>";
		};
		06B8F44E1CF3EE070023835F /* Supporting Files */ = {
			isa = PBXGroup;
			children = (
				06B8F44F1CF3EE070023835F /* main.m */,
			);
			name = "Supporting Files";
			sourceTree = "<group>";
		};
		06B8F4671CF3EE070023835F /* emptyTests */ = {
			isa = PBXGroup;
			children = (
				06B8F4681CF3EE070023835F /* emptyTests.m */,
				06B8F46A1CF3EE070023835F /* Info.plist */,
			);
			path = emptyTests;
			sourceTree = "<group>";
		};
		06B8F4721CF3EE070023835F /* emptyUITests */ = {
			isa = PBXGroup;
			children = (
				06B8F4731CF3EE070023835F /* emptyUITests.m */,
				06B8F4751CF3EE070023835F /* Info.plist */,
			);
			path = emptyUITests;
			sourceTree = "<group>";
		};
/* End PBXGroup section */

/* Begin PBXNativeTarget section */
		06B8F44A1CF3EE070023835F /* empty */ = {
			isa = PBXNativeTarget;
			buildConfigurationList = 06B8F4781CF3EE070023835F /* Build configuration list for PBXNativeTarget "empty" */;
			buildPhases = (
				06B8F4471CF3EE070023835F /* Sources */,
				06B8F4481CF3EE070023835F /* Frameworks */,
				06B8F4491CF3EE070023835F /* Resources */,
			);
			buildRules = (
			);
			dependencies = (
			);
			name = empty;
			productName = empty;
			productReference = 06B8F44B1CF3EE070023835F /* empty.app */;
			productType = "com.apple.product-type.application";
		};
		06B8F4631CF3EE070023835F /* emptyTests */ = {
			isa = PBXNativeTarget;
			buildConfigurationList = 06B8F47B1CF3EE070023835F /* Build configuration list for PBXNativeTarget "emptyTests" */;
			buildPhases = (
				06B8F4601CF3EE070023835F /* Sources */,
				06B8F4611CF3EE070023835F /* Frameworks */,
				06B8F4621CF3EE070023835F /* Resources */,
			);
			buildRules = (
			);
			dependencies = (
				06B8F4661CF3EE070023835F /* PBXTargetDependency */,
			);
			name = emptyTests;
			productName = emptyTests;
			productReference = 06B8F4641CF3EE070023835F /* emptyTests.xctest */;
			productType = "com.apple.product-type.bundle.unit-test";
		};
		06B8F46E1CF3EE070023835F /* emptyUITests */ = {
			isa = PBXNativeTarget;
			buildConfigurationList = 06B8F47E1CF3EE070023835F /* Build configuration list for PBXNativeTarget "emptyUITests" */;
			buildPhases = (
				06B8F46B1CF3EE070023835F /* Sources */,
				06B8F46C1CF3EE070023835F /* Frameworks */,
				06B8F46D1CF3EE070023835F /* Resources */,
			);
			buildRules = (
			);
			dependencies = (
				06B8F4711CF3EE070023835F /* PBXTargetDependency */,
			);
			name = emptyUITests;
			productName = emptyUITests;
			productReference = 06B8F46F1CF3EE070023835F /* emptyUITests.xctest */;
			productType = "com.apple.product-type.bundle.ui-testing";
		};
/* End PBXNativeTarget section */

/* Begin PBXProject section */
		06B8F4431CF3EE070023835F /* Project object */ = {
			isa = PBXProject;
			attributes = {
				LastUpgradeCheck = 0730;
				ORGANIZATIONNAME = "Hua Zhenyu";
				TargetAttributes = {
					06B8F44A1CF3EE070023835F = {
						CreatedOnToolsVersion = 7.3;
					};
					06B8F4631CF3EE070023835F = {
						CreatedOnToolsVersion = 7.3;
						TestTargetID = 06B8F44A1CF3EE070023835F;
					};
					06B8F46E1CF3EE070023835F = {
						CreatedOnToolsVersion = 7.3;
						TestTargetID = 06B8F44A1CF3EE070023835F;
					};
				};
			};
			buildConfigurationList = 06B8F4461CF3EE070023835F /* Build configuration list for PBXProject "empty" */;
			compatibilityVersion = "Xcode 3.2";
			developmentRegion = English;
			hasScannedForEncodings = 0;
			knownRegions = (
				en,
				Base,
			);
			mainGroup = 06B8F4421CF3EE070023835F;
			productRefGroup = 06B8F44C1CF3EE070023835F /* Products */;
			projectDirPath = "";
			projectRoot = "";
			targets = (
				06B8F44A1CF3EE070023835F /* empty */,
				06B8F4631CF3EE070023835F /* emptyTests */,
				06B8F46E1CF3EE070023835F /* emptyUITests */,
			);
		};
/* End PBXProject section */

/* Begin PBXResourcesBuildPhase section */
		06B8F4491CF3EE070023835F /* Resources */ = {
			isa = PBXResourcesBuildPhase;
			buildActionMask = 2147483647;
			files = (
				06B8F45E1CF3EE070023835F /* LaunchScreen.storyboard in Resources */,
				06B8F45B1CF3EE070023835F /* Assets.xcassets in Resources */,
				06B8F4591CF3EE070023835F /* Main.storyboard in Resources */,
			);
			runOnlyForDeploymentPostprocessing = 0;
		};
		06B8F4621CF3EE070023835F /* Resources */ = {
			isa = PBXResourcesBuildPhase;
			buildActionMask = 2147483647;
			files = (
			);
			runOnlyForDeploymentPostprocessing = 0;
		};
		06B8F46D1CF3EE070023835F /* Resources */ = {
			isa = PBXResourcesBuildPhase;
			buildActionMask = 2147483647;
			files = (
			);
			runOnlyForDeploymentPostprocessing = 0;
		};
/* End PBXResourcesBuildPhase section */

/* Begin PBXSourcesBuildPhase section */
		06B8F4471CF3EE070023835F /* Sources */ = {
			isa = PBXSourcesBuildPhase;
			buildActionMask = 2147483647;
			files = (
				06B42C4A1CF557E8000F68EE /* state.d in Sources */,
				06B8F4561CF3EE070023835F /* ViewController.m in Sources */,
				06B8F4531CF3EE070023835F /* AppDelegate.m in Sources */,
				06B8F4501CF3EE070023835F /* main.m in Sources */,
			);
			runOnlyForDeploymentPostprocessing = 0;
		};
		06B8F4601CF3EE070023835F /* Sources */ = {
			isa = PBXSourcesBuildPhase;
			buildActionMask = 2147483647;
			files = (
				06B8F4691CF3EE070023835F /* emptyTests.m in Sources */,
			);
			runOnlyForDeploymentPostprocessing = 0;
		};
		06B8F46B1CF3EE070023835F /* Sources */ = {
			isa = PBXSourcesBuildPhase;
			buildActionMask = 2147483647;
			files = (
				06B8F4741CF3EE070023835F /* emptyUITests.m in Sources */,
			);
			runOnlyForDeploymentPostprocessing = 0;
		};
/* End PBXSourcesBuildPhase section */

/* Begin PBXTargetDependency section */
		06B8F4661CF3EE070023835F /* PBXTargetDependency */ = {
			isa = PBXTargetDependency;
			target = 06B8F44A1CF3EE070023835F /* empty */;
			targetProxy = 06B8F4651CF3EE070023835F /* PBXContainerItemProxy */;
		};
		06B8F4711CF3EE070023835F /* PBXTargetDependency */ = {
			isa = PBXTargetDependency;
			target = 06B8F44A1CF3EE070023835F /* empty */;
			targetProxy = 06B8F4701CF3EE070023835F /* PBXContainerItemProxy */;
		};
/* End PBXTargetDependency section */

/* Begin PBXVariantGroup section */
		06B8F4571CF3EE070023835F /* Main.storyboard */ = {
			isa = PBXVariantGroup;
			children = (
				06B8F4581CF3EE070023835F /* Base */,
			);
			name = Main.storyboard;
			sourceTree = "<group>";
		};
		06B8F45C1CF3EE070023835F /* LaunchScreen.storyboard */ = {
			isa = PBXVariantGroup;
			children = (
				06B8F45D1CF3EE070023835F /* Base */,
			);
			name = LaunchScreen.storyboard;
			sourceTree = "<group>";
		};
/* End PBXVariantGroup section */

/* Begin XCBuildConfiguration section */
		06B8F4761CF3EE070023835F /* Debug */ = {
			isa = XCBuildConfiguration;
			buildSettings = {
				ALWAYS_SEARCH_USER_PATHS = NO;
				CLANG_ANALYZER_NONNULL = YES;
				CLANG_CXX_LANGUAGE_STANDARD = "gnu++0x";
				CLANG_CXX_LIBRARY = "libc++";
				CLANG_ENABLE_MODULES = YES;
				CLANG_ENABLE_OBJC_ARC = YES;
				CLANG_WARN_BOOL_CONVERSION = YES;
				CLANG_WARN_CONSTANT_CONVERSION = YES;
				CLANG_WARN_DIRECT_OBJC_ISA_USAGE = YES_ERROR;
				CLANG_WARN_EMPTY_BODY = YES;
				CLANG_WARN_ENUM_CONVERSION = YES;
				CLANG_WARN_INT_CONVERSION = YES;
				CLANG_WARN_OBJC_ROOT_CLASS = YES_ERROR;
				CLANG_WARN_UNREACHABLE_CODE = YES;
				CLANG_WARN__DUPLICATE_METHOD_MATCH = YES;
				"CODE_SIGN_IDENTITY[sdk=iphoneos*]" = "iPhone Developer";
				COPY_PHASE_STRIP = NO;
				DEBUG_INFORMATION_FORMAT = dwarf;
				ENABLE_STRICT_OBJC_MSGSEND = YES;
				ENABLE_TESTABILITY = YES;
				GCC_C_LANGUAGE_STANDARD = gnu99;
				GCC_DYNAMIC_NO_PIC = NO;
				GCC_NO_COMMON_BLOCKS = YES;
				GCC_OPTIMIZATION_LEVEL = 0;
				GCC_PREPROCESSOR_DEFINITIONS = (
					"DEBUG=1",
					"$(inherited)",
				);
				GCC_WARN_64_TO_32_BIT_CONVERSION = YES;
				GCC_WARN_ABOUT_RETURN_TYPE = YES_ERROR;
				GCC_WARN_UNDECLARED_SELECTOR = YES;
				GCC_WARN_UNINITIALIZED_AUTOS = YES_AGGRESSIVE;
				GCC_WARN_UNUSED_FUNCTION = YES;
				GCC_WARN_UNUSED_VARIABLE = YES;
				IPHONEOS_DEPLOYMENT_TARGET = 9.3;
				MTL_ENABLE_DEBUG_INFO = YES;
				ONLY_ACTIVE_ARCH = YES;
				SDKROOT = iphoneos;
			};
			name = Debug;
		};
		06B8F4771CF3EE070023835F /* Release */ = {
			isa = XCBuildConfiguration;
			buildSettings = {
				ALWAYS_SEARCH_USER_PATHS = NO;
				CLANG_ANALYZER_NONNULL = YES;
				CLANG_CXX_LANGUAGE_STANDARD = "gnu++0x";
				CLANG_CXX_LIBRARY = "libc++";
				CLANG_ENABLE_MODULES = YES;
				CLANG_ENABLE_OBJC_ARC = YES;
				CLANG_WARN_BOOL_CONVERSION = YES;
				CLANG_WARN_CONSTANT_CONVERSION = YES;
				CLANG_WARN_DIRECT_OBJC_ISA_USAGE = YES_ERROR;
				CLANG_WARN_EMPTY_BODY = YES;
				CLANG_WARN_ENUM_CONVERSION = YES;
				CLANG_WARN_INT_CONVERSION = YES;
				CLANG_WARN_OBJC_ROOT_CLASS = YES_ERROR;
				CLANG_WARN_UNREACHABLE_CODE = YES;
				CLANG_WARN__DUPLICATE_METHOD_MATCH = YES;
				"CODE_SIGN_IDENTITY[sdk=iphoneos*]" = "iPhone Developer";
				COPY_PHASE_STRIP = NO;
				DEBUG_INFORMATION_FORMAT = "dwarf-with-dsym";
				ENABLE_NS_ASSERTIONS = NO;
				ENABLE_STRICT_OBJC_MSGSEND = YES;
				GCC_C_LANGUAGE_STANDARD = gnu99;
				GCC_NO_COMMON_BLOCKS = YES;
				GCC_WARN_64_TO_32_BIT_CONVERSION = YES;
				GCC_WARN_ABOUT_RETURN_TYPE = YES_ERROR;
				GCC_WARN_UNDECLARED_SELECTOR = YES;
				GCC_WARN_UNINITIALIZED_AUTOS = YES_AGGRESSIVE;
				GCC_WARN_UNUSED_FUNCTION = YES;
				GCC_WARN_UNUSED_VARIABLE = YES;
				IPHONEOS_DEPLOYMENT_TARGET = 9.3;
				MTL_ENABLE_DEBUG_INFO = NO;
				SDKROOT = iphoneos;
				VALIDATE_PRODUCT = YES;
			};
			name = Release;
		};
		06B8F4791CF3EE070023835F /* Debug */ = {
			isa = XCBuildConfiguration;
			buildSettings = {
				ASSETCATALOG_COMPILER_APPICON_NAME = AppIcon;
				INFOPLIST_FILE = empty/Info.plist;
				LD_RUNPATH_SEARCH_PATHS = "$(inherited) @executable_path/Frameworks";
				PRODUCT_BUNDLE_IDENTIFIER = com.aibai.empty;
				PRODUCT_NAME = "$(TARGET_NAME)";
				PROVISIONING_PROFILE = "";
			};
			name = Debug;
		};
		06B8F47A1CF3EE070023835F /* Release */ = {
			isa = XCBuildConfiguration;
			buildSettings = {
				ASSETCATALOG_COMPILER_APPICON_NAME = AppIcon;
				INFOPLIST_FILE = empty/Info.plist;
				LD_RUNPATH_SEARCH_PATHS = "$(inherited) @executable_path/Frameworks";
				PRODUCT_BUNDLE_IDENTIFIER = com.aibai.empty;
				PRODUCT_NAME = "$(TARGET_NAME)";
				PROVISIONING_PROFILE = "";
			};
			name = Release;
		};
		06B8F47C1CF3EE070023835F /* Debug */ = {
			isa = XCBuildConfiguration;
			buildSettings = {
				BUNDLE_LOADER = "$(TEST_HOST)";
				INFOPLIST_FILE = emptyTests/Info.plist;
				LD_RUNPATH_SEARCH_PATHS = "$(inherited) @executable_path/Frameworks @loader_path/Frameworks";
				PRODUCT_BUNDLE_IDENTIFIER = com.aibai.emptyTests;
				PRODUCT_NAME = "$(TARGET_NAME)";
				TEST_HOST = "$(BUILT_PRODUCTS_DIR)/empty.app/empty";
			};
			name = Debug;
		};
		06B8F47D1CF3EE070023835F /* Release */ = {
			isa = XCBuildConfiguration;
			buildSettings = {
				BUNDLE_LOADER = "$(TEST_HOST)";
				INFOPLIST_FILE = emptyTests/Info.plist;
				LD_RUNPATH_SEARCH_PATHS = "$(inherited) @executable_path/Frameworks @loader_path/Frameworks";
				PRODUCT_BUNDLE_IDENTIFIER = com.aibai.emptyTests;
				PRODUCT_NAME = "$(TARGET_NAME)";
				TEST_HOST = "$(BUILT_PRODUCTS_DIR)/empty.app/empty";
			};
			name = Release;
		};
		06B8F47F1CF3EE070023835F /* Debug */ = {
			isa = XCBuildConfiguration;
			buildSettings = {
				INFOPLIST_FILE = emptyUITests/Info.plist;
				LD_RUNPATH_SEARCH_PATHS = "$(inherited) @executable_path/Frameworks @loader_path/Frameworks";
				PRODUCT_BUNDLE_IDENTIFIER = com.aibai.emptyUITests;
				PRODUCT_NAME = "$(TARGET_NAME)";
				TEST_TARGET_NAME = empty;
			};
			name = Debug;
		};
		06B8F4801CF3EE070023835F /* Release */ = {
			isa = XCBuildConfiguration;
			buildSettings = {
				INFOPLIST_FILE = emptyUITests/Info.plist;
				LD_RUNPATH_SEARCH_PATHS = "$(inherited) @executable_path/Frameworks @loader_path/Frameworks";
				PRODUCT_BUNDLE_IDENTIFIER = com.aibai.emptyUITests;
				PRODUCT_NAME = "$(TARGET_NAME)";
				TEST_TARGET_NAME = empty;
			};
			name = Release;
		};
/* End XCBuildConfiguration section */

/* Begin XCConfigurationList section */
		06B8F4461CF3EE070023835F /* Build configuration list for PBXProject "empty" */ = {
			isa = XCConfigurationList;
			buildConfigurations = (
				06B8F4761CF3EE070023835F /* Debug */,
				06B8F4771CF3EE070023835F /* Release */,
			);
			defaultConfigurationIsVisible = 0;
			defaultConfigurationName = Release;
		};
		06B8F4781CF3EE070023835F /* Build configuration list for PBXNativeTarget "empty" */ = {
			isa = XCConfigurationList;
			buildConfigurations = (
				06B8F4791CF3EE070023835F /* Debug */,
				06B8F47A1CF3EE070023835F /* Release */,
			);
			defaultConfigurationIsVisible = 0;
			defaultConfigurationName = Release;
		};
		06B8F47B1CF3EE070023835F /* Build configuration list for PBXNativeTarget "emptyTests" */ = {
			isa = XCConfigurationList;
			buildConfigurations = (
				06B8F47C1CF3EE070023835F /* Debug */,
				06B8F47D1CF3EE070023835F /* Release */,
			);
			defaultConfigurationIsVisible = 0;
			defaultConfigurationName = Release;
		};
		06B8F47E1CF3EE070023835F /* Build configuration list for PBXNativeTarget "emptyUITests" */ = {
			isa = XCConfigurationList;
			buildConfigurations = (
				06B8F47F1CF3EE070023835F /* Debug */,
				06B8F4801CF3EE070023835F /* Release */,
			);
			defaultConfigurationIsVisible = 0;
			defaultConfigurationName = Release;
		};
/* End XCConfigurationList section */
	};
	rootObject = 06B8F4431CF3EE070023835F /* Project object */;
}
